
Microsoft Visual Studio Solution File, Format Version 12.00
# Visual Studio Version 16
VisualStudioVersion = 16.0.31019.35
MinimumVisualStudioVersion = 10.0.40219.1
Project("{888888A0-9F3D-457C-B088-3A5042F75D52}") = "FlaskWebProject3", "FlaskWebProject3.pyproj", "{5E203254-12F0-4973-9DDF-B3C610E1FA69}"
EndProject
Global
	GlobalSection(SolutionConfigurationPlatforms) = preSolution
		Debug|Any CPU = Debug|Any CPU
		Release|Any CPU = Release|Any CPU
	EndGlobalSection
	GlobalSection(ProjectConfigurationPlatforms) = postSolution
		{5E203254-12F0-4973-9DDF-B3C610E1FA69}.Debug|Any CPU.ActiveCfg = Debug|Any CPU
		{5E203254-12F0-4973-9DDF-B3C610E1FA69}.Debug|Any CPU.Build.0 = Debug|Any CPU
		{5E203254-12F0-4973-9DDF-B3C610E1FA69}.Release|Any CPU.ActiveCfg = Release|Any CPU
		{5E203254-12F0-4973-9DDF-B3C610E1FA69}.Release|Any CPU.Build.0 = Release|Any CPU
	EndGlobalSection
	GlobalSection(SolutionProperties) = preSolution
		HideSolutionNode = FALSE
	EndGlobalSection
	GlobalSection(ExtensibilityGlobals) = postSolution
		SolutionGuid = {05E21C3F-95D2-4F12-A6B4-06589EE3E58B}
	EndGlobalSection
EndGlobal
